
Microsoft Visual Studio Solution File, Format Version 12.00
# Visual Studio Version 16
VisualStudioVersion = 16.0.32228.343
MinimumVisualStudioVersion = 10.0.40219.1
Project("{9A19103F-16F7-4668-BE54-9A1E7A4F7556}") = "BinaryTree", "BinaryTree\BinaryTree.csproj", "{7F15D8AD-6EB8-4EFC-B57F-1B58E6C28D8B}"
EndProject
Project("{FAE04EC0-301F-11D3-BF4B-00C04F79EFBC}") = "TestBinaryTree", "TestBinaryTree\TestBinaryTree.csproj", "{D3246346-1BAC-4B34-A4F0-C1E85289F33F}"
EndProject
Global
	GlobalSection(SolutionConfigurationPlatforms) = preSolution
		Debug|Any CPU = Debug|Any CPU
		Release|Any CPU = Release|Any CPU
	EndGlobalSection
	GlobalSection(ProjectConfigurationPlatforms) = postSolution
		{7F15D8AD-6EB8-4EFC-B57F-1B58E6C28D8B}.Debug|Any CPU.ActiveCfg = Debug|Any CPU
		{7F15D8AD-6EB8-4EFC-B57F-1B58E6C28D8B}.Debug|Any CPU.Build.0 = Debug|Any CPU
		{7F15D8AD-6EB8-4EFC-B57F-1B58E6C28D8B}.Release|Any CPU.ActiveCfg = Release|Any CPU
		{7F15D8AD-6EB8-4EFC-B57F-1B58E6C28D8B}.Release|Any CPU.Build.0 = Release|Any CPU
		{D3246346-1BAC-4B34-A4F0-C1E85289F33F}.Debug|Any CPU.ActiveCfg = Debug|Any CPU
		{D3246346-1BAC-4B34-A4F0-C1E85289F33F}.Debug|Any CPU.Build.0 = Debug|Any CPU
		{D3246346-1BAC-4B34-A4F0-C1E85289F33F}.Release|Any CPU.ActiveCfg = Release|Any CPU
		{D3246346-1BAC-4B34-A4F0-C1E85289F33F}.Release|Any CPU.Build.0 = Release|Any CPU
	EndGlobalSection
	GlobalSection(SolutionProperties) = preSolution
		HideSolutionNode = FALSE
	EndGlobalSection
	GlobalSection(ExtensibilityGlobals) = postSolution
		SolutionGuid = {937B7DF1-0BB9-46C6-BABA-A51399D4EB3D}
	EndGlobalSection
EndGlobal
