
Microsoft Visual Studio Solution File, Format Version 12.00
# Visual Studio Version 16
VisualStudioVersion = 16.0.32228.343
MinimumVisualStudioVersion = 10.0.40219.1
Project("{9A19103F-16F7-4668-BE54-9A1E7A4F7556}") = "CommonValues", "CommonValues\CommonValues.csproj", "{975986E1-8B5F-46C9-9C04-BB27F1CD4E24}"
EndProject
Project("{9A19103F-16F7-4668-BE54-9A1E7A4F7556}") = "HashTables", "..\HashTables\HashTables\HashTables.csproj", "{B0445E73-4E21-4962-9678-D20A2F5B152F}"
EndProject
Global
	GlobalSection(SolutionConfigurationPlatforms) = preSolution
		Debug|Any CPU = Debug|Any CPU
		Release|Any CPU = Release|Any CPU
	EndGlobalSection
	GlobalSection(ProjectConfigurationPlatforms) = postSolution
		{975986E1-8B5F-46C9-9C04-BB27F1CD4E24}.Debug|Any CPU.ActiveCfg = Debug|Any CPU
		{975986E1-8B5F-46C9-9C04-BB27F1CD4E24}.Debug|Any CPU.Build.0 = Debug|Any CPU
		{975986E1-8B5F-46C9-9C04-BB27F1CD4E24}.Release|Any CPU.ActiveCfg = Release|Any CPU
		{975986E1-8B5F-46C9-9C04-BB27F1CD4E24}.Release|Any CPU.Build.0 = Release|Any CPU
		{B0445E73-4E21-4962-9678-D20A2F5B152F}.Debug|Any CPU.ActiveCfg = Debug|Any CPU
		{B0445E73-4E21-4962-9678-D20A2F5B152F}.Debug|Any CPU.Build.0 = Debug|Any CPU
		{B0445E73-4E21-4962-9678-D20A2F5B152F}.Release|Any CPU.ActiveCfg = Release|Any CPU
		{B0445E73-4E21-4962-9678-D20A2F5B152F}.Release|Any CPU.Build.0 = Release|Any CPU
	EndGlobalSection
	GlobalSection(SolutionProperties) = preSolution
		HideSolutionNode = FALSE
	EndGlobalSection
	GlobalSection(ExtensibilityGlobals) = postSolution
		SolutionGuid = {82EC47B6-0765-48C9-99BB-4D8D11E20772}
	EndGlobalSection
EndGlobal
