
Microsoft Visual Studio Solution File, Format Version 12.00
# Visual Studio Version 16
VisualStudioVersion = 16.0.32228.343
MinimumVisualStudioVersion = 10.0.40219.1
Project("{FAE04EC0-301F-11D3-BF4B-00C04F79EFBC}") = "PseudoQueue", "PseudoQueue\PseudoQueue.csproj", "{52E0FD6C-7A52-4700-B6F8-895253081E71}"
EndProject
Project("{FAE04EC0-301F-11D3-BF4B-00C04F79EFBC}") = "TestPseudoQueue", "TestPseudoQueue\TestPseudoQueue.csproj", "{F1F70E72-E7E2-4C71-A391-CA587C9AE58F}"
EndProject
Global
	GlobalSection(SolutionConfigurationPlatforms) = preSolution
		Debug|Any CPU = Debug|Any CPU
		Release|Any CPU = Release|Any CPU
	EndGlobalSection
	GlobalSection(ProjectConfigurationPlatforms) = postSolution
		{52E0FD6C-7A52-4700-B6F8-895253081E71}.Debug|Any CPU.ActiveCfg = Debug|Any CPU
		{52E0FD6C-7A52-4700-B6F8-895253081E71}.Debug|Any CPU.Build.0 = Debug|Any CPU
		{52E0FD6C-7A52-4700-B6F8-895253081E71}.Release|Any CPU.ActiveCfg = Release|Any CPU
		{52E0FD6C-7A52-4700-B6F8-895253081E71}.Release|Any CPU.Build.0 = Release|Any CPU
		{F1F70E72-E7E2-4C71-A391-CA587C9AE58F}.Debug|Any CPU.ActiveCfg = Debug|Any CPU
		{F1F70E72-E7E2-4C71-A391-CA587C9AE58F}.Debug|Any CPU.Build.0 = Debug|Any CPU
		{F1F70E72-E7E2-4C71-A391-CA587C9AE58F}.Release|Any CPU.ActiveCfg = Release|Any CPU
		{F1F70E72-E7E2-4C71-A391-CA587C9AE58F}.Release|Any CPU.Build.0 = Release|Any CPU
	EndGlobalSection
	GlobalSection(SolutionProperties) = preSolution
		HideSolutionNode = FALSE
	EndGlobalSection
	GlobalSection(ExtensibilityGlobals) = postSolution
		SolutionGuid = {E69D44EA-4B54-4C41-B860-D5142D0F826A}
	EndGlobalSection
EndGlobal
