
Microsoft Visual Studio Solution File, Format Version 12.00
# Visual Studio Version 16
VisualStudioVersion = 16.0.32228.343
MinimumVisualStudioVersion = 10.0.40219.1
Project("{FAE04EC0-301F-11D3-BF4B-00C04F79EFBC}") = "Class 08", "Class 08\Class 08.csproj", "{042863A3-3863-4367-A5E8-AEF7C5437E05}"
EndProject
Global
	GlobalSection(SolutionConfigurationPlatforms) = preSolution
		Debug|Any CPU = Debug|Any CPU
		Release|Any CPU = Release|Any CPU
	EndGlobalSection
	GlobalSection(ProjectConfigurationPlatforms) = postSolution
		{042863A3-3863-4367-A5E8-AEF7C5437E05}.Debug|Any CPU.ActiveCfg = Debug|Any CPU
		{042863A3-3863-4367-A5E8-AEF7C5437E05}.Debug|Any CPU.Build.0 = Debug|Any CPU
		{042863A3-3863-4367-A5E8-AEF7C5437E05}.Release|Any CPU.ActiveCfg = Release|Any CPU
		{042863A3-3863-4367-A5E8-AEF7C5437E05}.Release|Any CPU.Build.0 = Release|Any CPU
	EndGlobalSection
	GlobalSection(SolutionProperties) = preSolution
		HideSolutionNode = FALSE
	EndGlobalSection
	GlobalSection(ExtensibilityGlobals) = postSolution
		SolutionGuid = {BFC70ED9-1184-471F-9301-260A5D4FF22B}
	EndGlobalSection
EndGlobal
